
Microsoft Visual Studio Solution File, Format Version 12.00
# Visual Studio Version 17
VisualStudioVersion = 17.3.32811.315
MinimumVisualStudioVersion = 10.0.40219.1
Project("{FAE04EC0-301F-11D3-BF4B-00C04F79EFBC}") = "DZ", "DZ\DZ.csproj", "{591109FF-2B6C-4B15-8EFD-19AA74A4A820}"
EndProject
Project("{FAE04EC0-301F-11D3-BF4B-00C04F79EFBC}") = "DZ_1", "DZ_1\DZ_1.csproj", "{C65D937E-0B76-4755-95E7-7B8974908FA2}"
EndProject
Global
	GlobalSection(SolutionConfigurationPlatforms) = preSolution
		Debug|Any CPU = Debug|Any CPU
		Release|Any CPU = Release|Any CPU
	EndGlobalSection
	GlobalSection(ProjectConfigurationPlatforms) = postSolution
		{591109FF-2B6C-4B15-8EFD-19AA74A4A820}.Debug|Any CPU.ActiveCfg = Debug|Any CPU
		{591109FF-2B6C-4B15-8EFD-19AA74A4A820}.Debug|Any CPU.Build.0 = Debug|Any CPU
		{591109FF-2B6C-4B15-8EFD-19AA74A4A820}.Release|Any CPU.ActiveCfg = Release|Any CPU
		{591109FF-2B6C-4B15-8EFD-19AA74A4A820}.Release|Any CPU.Build.0 = Release|Any CPU
		{C65D937E-0B76-4755-95E7-7B8974908FA2}.Debug|Any CPU.ActiveCfg = Debug|Any CPU
		{C65D937E-0B76-4755-95E7-7B8974908FA2}.Debug|Any CPU.Build.0 = Debug|Any CPU
		{C65D937E-0B76-4755-95E7-7B8974908FA2}.Release|Any CPU.ActiveCfg = Release|Any CPU
		{C65D937E-0B76-4755-95E7-7B8974908FA2}.Release|Any CPU.Build.0 = Release|Any CPU
	EndGlobalSection
	GlobalSection(SolutionProperties) = preSolution
		HideSolutionNode = FALSE
	EndGlobalSection
	GlobalSection(ExtensibilityGlobals) = postSolution
		SolutionGuid = {5D062608-C0C2-45DF-BDBE-1F808973A58E}
	EndGlobalSection
EndGlobal
